
Microsoft Visual Studio Solution File, Format Version 12.00
# Visual Studio Version 17
VisualStudioVersion = 17.3.32901.215
MinimumVisualStudioVersion = 10.0.40219.1
Project("{9A19103F-16F7-4668-BE54-9A1E7A4F7556}") = "WideWorldImporters.Sales", "WideWorldImporters\WideWorldImporters.Sales.csproj", "{EA7AF766-FB8C-4C51-8B47-37B57E92C3B7}"
EndProject
Project("{9A19103F-16F7-4668-BE54-9A1E7A4F7556}") = "Entities", "Entities\Entities.csproj", "{78778C90-BB54-48B2-AB37-BB33E58F2859}"
EndProject
Project("{FAE04EC0-301F-11D3-BF4B-00C04F79EFBC}") = "WideWorldImporters.Warehouse", "WideWorldImporters.Warehouse\WideWorldImporters.Warehouse.csproj", "{A7CDD6CA-2039-4136-8CD1-B368640F7B3A}"
EndProject
Project("{FAE04EC0-301F-11D3-BF4B-00C04F79EFBC}") = "WideWorldImporters.Purchasing", "WideWorldImporters.Purchasing\WideWorldImporters.Purchasing.csproj", "{19C47600-A59E-4C98-AAF8-C83A83EC1B74}"
EndProject
Project("{FAE04EC0-301F-11D3-BF4B-00C04F79EFBC}") = "WideWorldImporters.Gateway", "WideWorldImporters.Gateway\WideWorldImporters.Gateway.csproj", "{B888B56C-5DED-405E-BF11-7FB67FFFA67C}"
EndProject
Project("{FAE04EC0-301F-11D3-BF4B-00C04F79EFBC}") = "WideWorldImporters.AuthSvr", "WideWorldImporters.AuthSvr\WideWorldImporters.AuthSvr.csproj", "{340271C5-2E05-4AA6-B8A6-EAC53BE5472F}"
EndProject
Global
	GlobalSection(SolutionConfigurationPlatforms) = preSolution
		Debug|Any CPU = Debug|Any CPU
		Release|Any CPU = Release|Any CPU
	EndGlobalSection
	GlobalSection(ProjectConfigurationPlatforms) = postSolution
		{EA7AF766-FB8C-4C51-8B47-37B57E92C3B7}.Debug|Any CPU.ActiveCfg = Debug|Any CPU
		{EA7AF766-FB8C-4C51-8B47-37B57E92C3B7}.Debug|Any CPU.Build.0 = Debug|Any CPU
		{EA7AF766-FB8C-4C51-8B47-37B57E92C3B7}.Release|Any CPU.ActiveCfg = Release|Any CPU
		{EA7AF766-FB8C-4C51-8B47-37B57E92C3B7}.Release|Any CPU.Build.0 = Release|Any CPU
		{78778C90-BB54-48B2-AB37-BB33E58F2859}.Debug|Any CPU.ActiveCfg = Debug|Any CPU
		{78778C90-BB54-48B2-AB37-BB33E58F2859}.Debug|Any CPU.Build.0 = Debug|Any CPU
		{78778C90-BB54-48B2-AB37-BB33E58F2859}.Release|Any CPU.ActiveCfg = Release|Any CPU
		{78778C90-BB54-48B2-AB37-BB33E58F2859}.Release|Any CPU.Build.0 = Release|Any CPU
		{A7CDD6CA-2039-4136-8CD1-B368640F7B3A}.Debug|Any CPU.ActiveCfg = Debug|Any CPU
		{A7CDD6CA-2039-4136-8CD1-B368640F7B3A}.Debug|Any CPU.Build.0 = Debug|Any CPU
		{A7CDD6CA-2039-4136-8CD1-B368640F7B3A}.Release|Any CPU.ActiveCfg = Release|Any CPU
		{A7CDD6CA-2039-4136-8CD1-B368640F7B3A}.Release|Any CPU.Build.0 = Release|Any CPU
		{19C47600-A59E-4C98-AAF8-C83A83EC1B74}.Debug|Any CPU.ActiveCfg = Debug|Any CPU
		{19C47600-A59E-4C98-AAF8-C83A83EC1B74}.Debug|Any CPU.Build.0 = Debug|Any CPU
		{19C47600-A59E-4C98-AAF8-C83A83EC1B74}.Release|Any CPU.ActiveCfg = Release|Any CPU
		{19C47600-A59E-4C98-AAF8-C83A83EC1B74}.Release|Any CPU.Build.0 = Release|Any CPU
		{B888B56C-5DED-405E-BF11-7FB67FFFA67C}.Debug|Any CPU.ActiveCfg = Debug|Any CPU
		{B888B56C-5DED-405E-BF11-7FB67FFFA67C}.Debug|Any CPU.Build.0 = Debug|Any CPU
		{B888B56C-5DED-405E-BF11-7FB67FFFA67C}.Release|Any CPU.ActiveCfg = Release|Any CPU
		{B888B56C-5DED-405E-BF11-7FB67FFFA67C}.Release|Any CPU.Build.0 = Release|Any CPU
		{340271C5-2E05-4AA6-B8A6-EAC53BE5472F}.Debug|Any CPU.ActiveCfg = Debug|Any CPU
		{340271C5-2E05-4AA6-B8A6-EAC53BE5472F}.Debug|Any CPU.Build.0 = Debug|Any CPU
		{340271C5-2E05-4AA6-B8A6-EAC53BE5472F}.Release|Any CPU.ActiveCfg = Release|Any CPU
		{340271C5-2E05-4AA6-B8A6-EAC53BE5472F}.Release|Any CPU.Build.0 = Release|Any CPU
	EndGlobalSection
	GlobalSection(SolutionProperties) = preSolution
		HideSolutionNode = FALSE
	EndGlobalSection
	GlobalSection(ExtensibilityGlobals) = postSolution
		SolutionGuid = {21911CFC-716E-455C-A5DD-FAA649491767}
	EndGlobalSection
EndGlobal
